github.com/maxbolgarin/lang v1.4.0 h1:d+JBUOG0DTE+es/u5sXIdb1zVnH1R0qvgPK6YxqQpOU=
github.com/maxbolgarin/lang v1.4.0/go.mod h1:PVuXv36KAP5Fmql2OmLx57pOeXlTM2cHJGsXQlKR08M=
github.com/maxbolgarin/lang v1.5.0 h1:P2fTROEhhrsuhkPuCM825bVz0Vbh5IpVZgUgmMj6AD0=
github.com/maxbolgarin/lang v1.5.0/go.mod h1:gZyHWP6Odm4E4ow7ebyaD7TCoZsuQyXh30zk8g7lmXc=
